
Microsoft Visual Studio Solution File, Format Version 12.00
# Visual Studio Version 17
VisualStudioVersion = 17.14.36429.23 d17.14
MinimumVisualStudioVersion = 10.0.40219.1
Project("{FAE04EC0-301F-11D3-BF4B-00C04F79EFBC}") = "ThiSmartAPI", "ThiSmartAPI\ThiSmartAPI.csproj", "{D795CED5-1D56-4BEF-8262-6DC316F61897}"
EndProject
Project("{FAE04EC0-301F-11D3-BF4B-00C04F79EFBC}") = "ThiSmartUI", "ThiSmartUI\ThiSmartUI.csproj", "{4371E95D-9D14-4BAE-8A7F-2459A64017D3}"
EndProject
Global
	GlobalSection(SolutionConfigurationPlatforms) = preSolution
		Debug|Any CPU = Debug|Any CPU
		Release|Any CPU = Release|Any CPU
	EndGlobalSection
	GlobalSection(ProjectConfigurationPlatforms) = postSolution
		{D795CED5-1D56-4BEF-8262-6DC316F61897}.Debug|Any CPU.ActiveCfg = Debug|Any CPU
		{D795CED5-1D56-4BEF-8262-6DC316F61897}.Debug|Any CPU.Build.0 = Debug|Any CPU
		{D795CED5-1D56-4BEF-8262-6DC316F61897}.Release|Any CPU.ActiveCfg = Release|Any CPU
		{D795CED5-1D56-4BEF-8262-6DC316F61897}.Release|Any CPU.Build.0 = Release|Any CPU
		{4371E95D-9D14-4BAE-8A7F-2459A64017D3}.Debug|Any CPU.ActiveCfg = Debug|Any CPU
		{4371E95D-9D14-4BAE-8A7F-2459A64017D3}.Debug|Any CPU.Build.0 = Debug|Any CPU
		{4371E95D-9D14-4BAE-8A7F-2459A64017D3}.Release|Any CPU.ActiveCfg = Release|Any CPU
		{4371E95D-9D14-4BAE-8A7F-2459A64017D3}.Release|Any CPU.Build.0 = Release|Any CPU
	EndGlobalSection
	GlobalSection(SolutionProperties) = preSolution
		HideSolutionNode = FALSE
	EndGlobalSection
	GlobalSection(ExtensibilityGlobals) = postSolution
		SolutionGuid = {ECE119B7-CEA9-439B-A298-F0E41762022A}
	EndGlobalSection
EndGlobal
